
Microsoft Visual Studio Solution File, Format Version 12.00
# Visual Studio Version 17
VisualStudioVersion = 17.9.34714.143
MinimumVisualStudioVersion = 10.0.40219.1
Project("{8BC9CEB8-8B4A-11D0-8D11-00A0C91BC942}") = "basics", "basics\basics.vcxproj", "{77527992-9645-4872-9CA2-FBD05A1D2FCD}"
EndProject
Global
	GlobalSection(SolutionConfigurationPlatforms) = preSolution
		Debug|x64 = Debug|x64
		Debug|x86 = Debug|x86
		Release|x64 = Release|x64
		Release|x86 = Release|x86
	EndGlobalSection
	GlobalSection(ProjectConfigurationPlatforms) = postSolution
		{77527992-9645-4872-9CA2-FBD05A1D2FCD}.Debug|x64.ActiveCfg = Debug|x64
		{77527992-9645-4872-9CA2-FBD05A1D2FCD}.Debug|x64.Build.0 = Debug|x64
		{77527992-9645-4872-9CA2-FBD05A1D2FCD}.Debug|x86.ActiveCfg = Debug|Win32
		{77527992-9645-4872-9CA2-FBD05A1D2FCD}.Debug|x86.Build.0 = Debug|Win32
		{77527992-9645-4872-9CA2-FBD05A1D2FCD}.Release|x64.ActiveCfg = Release|x64
		{77527992-9645-4872-9CA2-FBD05A1D2FCD}.Release|x64.Build.0 = Release|x64
		{77527992-9645-4872-9CA2-FBD05A1D2FCD}.Release|x86.ActiveCfg = Release|Win32
		{77527992-9645-4872-9CA2-FBD05A1D2FCD}.Release|x86.Build.0 = Release|Win32
	EndGlobalSection
	GlobalSection(SolutionProperties) = preSolution
		HideSolutionNode = FALSE
	EndGlobalSection
	GlobalSection(ExtensibilityGlobals) = postSolution
		SolutionGuid = {1A4CB508-9AEC-480E-A00C-CD0EAB7B6937}
	EndGlobalSection
EndGlobal
