<?xml version="1.0" encoding="utf-8"?>
<Project ToolsVersion="4.0" xmlns="http://schemas.microsoft.com/developer/msbuild/2003">
  <ItemGroup>
    <Filter Include="Source Files">
      <UniqueIdentifier>{4FC737F1-C7A5-4376-A066-2A32D752A2FF}</UniqueIdentifier>
      <Extensions>cpp;c;cc;cxx;c++;cppm;ixx;def;odl;idl;hpj;bat;asm;asmx</Extensions>
    </Filter>
    <Filter Include="Header Files">
      <UniqueIdentifier>{93995380-89BD-4b04-88EB-625FBE52EBFB}</UniqueIdentifier>
      <Extensions>h;hh;hpp;hxx;h++;hm;inl;inc;ipp;xsd</Extensions>
    </Filter>
    <Filter Include="Resource Files">
      <UniqueIdentifier>{67DA6AB6-F800-4c08-8B7A-83BB121AAD01}</UniqueIdentifier>
      <Extensions>rc;ico;cur;bmp;dlg;rc2;rct;bin;rgs;gif;jpg;jpeg;jpe;resx;tiff;tif;png;wav;mfcribbon-ms</Extensions>
    </Filter>
  </ItemGroup>
  <ItemGroup>
    <ClCompile Include="prog01.cpp">
      <Filter>Source Files</Filter>
    </ClCompile>
    <ClCompile Include="prog02.cpp">
      <Filter>Source Files</Filter>
    </ClCompile>
    <ClCompile Include="prg02.cpp">
      <Filter>Source Files</Filter>
    </ClCompile>
    <ClCompile Include="prg2.cpp">
      <Filter>Source Files</Filter>
    </ClCompile>
    <ClCompile Include="prog03.cpp">
      <Filter>Source Files</Filter>
    </ClCompile>
    <ClCompile Include="prg3.cpp">
      <Filter>Source Files</Filter>
    </ClCompile>
    <ClCompile Include="prog4.cpp">
      <Filter>Source Files</Filter>
    </ClCompile>
    <ClCompile Include="prog05.cpp">
      <Filter>Source Files</Filter>
    </ClCompile>
    <ClCompile Include="prg5.cpp">
      <Filter>Source Files</Filter>
    </ClCompile>
    <ClCompile Include="prog06.cpp">
      <Filter>Source Files</Filter>
    </ClCompile>
    <ClCompile Include="prog07.cpp">
      <Filter>Source Files</Filter>
    </ClCompile>
    <ClCompile Include="prog08.cpp">
      <Filter>Source Files</Filter>
    </ClCompile>
    <ClCompile Include="prog09.cpp">
      <Filter>Source Files</Filter>
    </ClCompile>
    <ClCompile Include="prog10.cpp">
      <Filter>Source Files</Filter>
    </ClCompile>
    <ClCompile Include="prog11.cpp">
      <Filter>Source Files</Filter>
    </ClCompile>
    <ClCompile Include="prog12.cpp">
      <Filter>Source Files</Filter>
    </ClCompile>
    <ClCompile Include="prog13.cpp">
      <Filter>Source Files</Filter>
    </ClCompile>
    <ClCompile Include="prog14.cpp">
      <Filter>Source Files</Filter>
    </ClCompile>
    <ClCompile Include="prog15.cpp">
      <Filter>Source Files</Filter>
    </ClCompile>
    <ClCompile Include="largest_arr.cpp">
      <Filter>Source Files</Filter>
    </ClCompile>
    <ClCompile Include="second_lar_arr.cpp">
      <Filter>Source Files</Filter>
    </ClCompile>
    <ClCompile Include="prog16.cpp">
      <Filter>Source Files</Filter>
    </ClCompile>
    <ClCompile Include="prog17.cpp">
      <Filter>Source Files</Filter>
    </ClCompile>
    <ClCompile Include="prog19.cpp">
      <Filter>Source Files</Filter>
    </ClCompile>
    <ClCompile Include="prog18.cpp">
      <Filter>Source Files</Filter>
    </ClCompile>
    <ClCompile Include="prog20.cpp">
      <Filter>Source Files</Filter>
    </ClCompile>
    <ClCompile Include="prog21.cpp">
      <Filter>Source Files</Filter>
    </ClCompile>
    <ClCompile Include="prog22.cpp">
      <Filter>Source Files</Filter>
    </ClCompile>
    <ClCompile Include="prog23.cpp">
      <Filter>Source Files</Filter>
    </ClCompile>
    <ClCompile Include="prog24.cpp">
      <Filter>Source Files</Filter>
    </ClCompile>
    <ClCompile Include="prog25.cpp">
      <Filter>Source Files</Filter>
    </ClCompile>
    <ClCompile Include="second_smallest.cpp">
      <Filter>Source Files</Filter>
    </ClCompile>
    <ClCompile Include="second_largest.cpp">
      <Filter>Source Files</Filter>
    </ClCompile>
    <ClCompile Include="prog26.cpp">
      <Filter>Source Files</Filter>
    </ClCompile>
    <ClCompile Include="prog27.cpp">
      <Filter>Source Files</Filter>
    </ClCompile>
    <ClCompile Include="prog28.cpp">
      <Filter>Source Files</Filter>
    </ClCompile>
    <ClCompile Include="prog28_1.cpp">
      <Filter>Source Files</Filter>
    </ClCompile>
    <ClCompile Include="prog29.cpp">
      <Filter>Source Files</Filter>
    </ClCompile>
    <ClCompile Include="prog29_1.cpp">
      <Filter>Source Files</Filter>
    </ClCompile>
    <ClCompile Include="prog30.cpp">
      <Filter>Source Files</Filter>
    </ClCompile>
    <ClCompile Include="prog30_1.cpp">
      <Filter>Source Files</Filter>
    </ClCompile>
    <ClCompile Include="prog31.cpp">
      <Filter>Source Files</Filter>
    </ClCompile>
    <ClCompile Include="prog32.cpp">
      <Filter>Source Files</Filter>
    </ClCompile>
    <ClCompile Include="prog33.cpp">
      <Filter>Source Files</Filter>
    </ClCompile>
    <ClCompile Include="anagram.cpp">
      <Filter>Source Files</Filter>
    </ClCompile>
    <ClCompile Include="pattern1.cpp">
      <Filter>Source Files</Filter>
    </ClCompile>
    <ClCompile Include="pattern2.cpp">
      <Filter>Source Files</Filter>
    </ClCompile>
    <ClCompile Include="pattern3.cpp">
      <Filter>Source Files</Filter>
    </ClCompile>
    <ClCompile Include="pattern4.cpp">
      <Filter>Source Files</Filter>
    </ClCompile>
    <ClCompile Include="pattern5.cpp">
      <Filter>Source Files</Filter>
    </ClCompile>
    <ClCompile Include="prog34.cpp">
      <Filter>Source Files</Filter>
    </ClCompile>
    <ClCompile Include="prog35.cpp">
      <Filter>Source Files</Filter>
    </ClCompile>
    <ClCompile Include="prog36.cpp">
      <Filter>Source Files</Filter>
    </ClCompile>
    <ClCompile Include="prog37.cpp">
      <Filter>Source Files</Filter>
    </ClCompile>
    <ClCompile Include="conversion.cpp">
      <Filter>Source Files</Filter>
    </ClCompile>
    <ClCompile Include="base.cpp">
      <Filter>Source Files</Filter>
    </ClCompile>
    <ClCompile Include="toogle.cpp">
      <Filter>Source Files</Filter>
    </ClCompile>
  </ItemGroup>
</Project>