
Microsoft Visual Studio Solution File, Format Version 12.00
# Visual Studio Version 17
VisualStudioVersion = 17.9.34714.143
MinimumVisualStudioVersion = 10.0.40219.1
Project("{8BC9CEB8-8B4A-11D0-8D11-00A0C91BC942}") = "day27", "day27\day27.vcxproj", "{D35EB812-7FA5-4ED0-B1CC-3EAE4C71D33B}"
EndProject
Global
	GlobalSection(SolutionConfigurationPlatforms) = preSolution
		Debug|x64 = Debug|x64
		Debug|x86 = Debug|x86
		Release|x64 = Release|x64
		Release|x86 = Release|x86
	EndGlobalSection
	GlobalSection(ProjectConfigurationPlatforms) = postSolution
		{D35EB812-7FA5-4ED0-B1CC-3EAE4C71D33B}.Debug|x64.ActiveCfg = Debug|x64
		{D35EB812-7FA5-4ED0-B1CC-3EAE4C71D33B}.Debug|x64.Build.0 = Debug|x64
		{D35EB812-7FA5-4ED0-B1CC-3EAE4C71D33B}.Debug|x86.ActiveCfg = Debug|Win32
		{D35EB812-7FA5-4ED0-B1CC-3EAE4C71D33B}.Debug|x86.Build.0 = Debug|Win32
		{D35EB812-7FA5-4ED0-B1CC-3EAE4C71D33B}.Release|x64.ActiveCfg = Release|x64
		{D35EB812-7FA5-4ED0-B1CC-3EAE4C71D33B}.Release|x64.Build.0 = Release|x64
		{D35EB812-7FA5-4ED0-B1CC-3EAE4C71D33B}.Release|x86.ActiveCfg = Release|Win32
		{D35EB812-7FA5-4ED0-B1CC-3EAE4C71D33B}.Release|x86.Build.0 = Release|Win32
	EndGlobalSection
	GlobalSection(SolutionProperties) = preSolution
		HideSolutionNode = FALSE
	EndGlobalSection
	GlobalSection(ExtensibilityGlobals) = postSolution
		SolutionGuid = {071539C1-72E5-4D10-AF02-E3DF23F3A365}
	EndGlobalSection
EndGlobal
