
Microsoft Visual Studio Solution File, Format Version 12.00
# Visual Studio Version 17
VisualStudioVersion = 17.9.34714.143
MinimumVisualStudioVersion = 10.0.40219.1
Project("{8BC9CEB8-8B4A-11D0-8D11-00A0C91BC942}") = "day36", "day36\day36.vcxproj", "{866B7095-7D0F-465A-949A-A4CFCEECC869}"
EndProject
Global
	GlobalSection(SolutionConfigurationPlatforms) = preSolution
		Debug|x64 = Debug|x64
		Debug|x86 = Debug|x86
		Release|x64 = Release|x64
		Release|x86 = Release|x86
	EndGlobalSection
	GlobalSection(ProjectConfigurationPlatforms) = postSolution
		{866B7095-7D0F-465A-949A-A4CFCEECC869}.Debug|x64.ActiveCfg = Debug|x64
		{866B7095-7D0F-465A-949A-A4CFCEECC869}.Debug|x64.Build.0 = Debug|x64
		{866B7095-7D0F-465A-949A-A4CFCEECC869}.Debug|x86.ActiveCfg = Debug|Win32
		{866B7095-7D0F-465A-949A-A4CFCEECC869}.Debug|x86.Build.0 = Debug|Win32
		{866B7095-7D0F-465A-949A-A4CFCEECC869}.Release|x64.ActiveCfg = Release|x64
		{866B7095-7D0F-465A-949A-A4CFCEECC869}.Release|x64.Build.0 = Release|x64
		{866B7095-7D0F-465A-949A-A4CFCEECC869}.Release|x86.ActiveCfg = Release|Win32
		{866B7095-7D0F-465A-949A-A4CFCEECC869}.Release|x86.Build.0 = Release|Win32
	EndGlobalSection
	GlobalSection(SolutionProperties) = preSolution
		HideSolutionNode = FALSE
	EndGlobalSection
	GlobalSection(ExtensibilityGlobals) = postSolution
		SolutionGuid = {9C939767-85DD-429D-B3CA-7BE3185E721E}
	EndGlobalSection
EndGlobal
