
Microsoft Visual Studio Solution File, Format Version 12.00
# Visual Studio Version 17
VisualStudioVersion = 17.9.34714.143
MinimumVisualStudioVersion = 10.0.40219.1
Project("{8BC9CEB8-8B4A-11D0-8D11-00A0C91BC942}") = "day33", "day33\day33.vcxproj", "{90080FCD-7746-4359-A53F-53834ECAAABF}"
EndProject
Global
	GlobalSection(SolutionConfigurationPlatforms) = preSolution
		Debug|x64 = Debug|x64
		Debug|x86 = Debug|x86
		Release|x64 = Release|x64
		Release|x86 = Release|x86
	EndGlobalSection
	GlobalSection(ProjectConfigurationPlatforms) = postSolution
		{90080FCD-7746-4359-A53F-53834ECAAABF}.Debug|x64.ActiveCfg = Debug|x64
		{90080FCD-7746-4359-A53F-53834ECAAABF}.Debug|x64.Build.0 = Debug|x64
		{90080FCD-7746-4359-A53F-53834ECAAABF}.Debug|x86.ActiveCfg = Debug|Win32
		{90080FCD-7746-4359-A53F-53834ECAAABF}.Debug|x86.Build.0 = Debug|Win32
		{90080FCD-7746-4359-A53F-53834ECAAABF}.Release|x64.ActiveCfg = Release|x64
		{90080FCD-7746-4359-A53F-53834ECAAABF}.Release|x64.Build.0 = Release|x64
		{90080FCD-7746-4359-A53F-53834ECAAABF}.Release|x86.ActiveCfg = Release|Win32
		{90080FCD-7746-4359-A53F-53834ECAAABF}.Release|x86.Build.0 = Release|Win32
	EndGlobalSection
	GlobalSection(SolutionProperties) = preSolution
		HideSolutionNode = FALSE
	EndGlobalSection
	GlobalSection(ExtensibilityGlobals) = postSolution
		SolutionGuid = {54EA88A7-613F-463D-BC66-48F69F178B49}
	EndGlobalSection
EndGlobal
